
Microsoft Visual Studio Solution File, Format Version 12.00
# Visual Studio Version 17
VisualStudioVersion = 17.2.32630.192
MinimumVisualStudioVersion = 10.0.40219.1
Project("{FAE04EC0-301F-11D3-BF4B-00C04F79EFBC}") = "หาผลลรวมค่าเฉลี่ย", "หาผลลรวมค่าเฉลี่ย\หาผลลรวมค่าเฉลี่ย.csproj", "{2EFB3BDC-8525-4B1C-AE3F-7E31D61D9DC1}"
EndProject
Global
	GlobalSection(SolutionConfigurationPlatforms) = preSolution
		Debug|Any CPU = Debug|Any CPU
		Release|Any CPU = Release|Any CPU
	EndGlobalSection
	GlobalSection(ProjectConfigurationPlatforms) = postSolution
		{2EFB3BDC-8525-4B1C-AE3F-7E31D61D9DC1}.Debug|Any CPU.ActiveCfg = Debug|Any CPU
		{2EFB3BDC-8525-4B1C-AE3F-7E31D61D9DC1}.Debug|Any CPU.Build.0 = Debug|Any CPU
		{2EFB3BDC-8525-4B1C-AE3F-7E31D61D9DC1}.Release|Any CPU.ActiveCfg = Release|Any CPU
		{2EFB3BDC-8525-4B1C-AE3F-7E31D61D9DC1}.Release|Any CPU.Build.0 = Release|Any CPU
	EndGlobalSection
	GlobalSection(SolutionProperties) = preSolution
		HideSolutionNode = FALSE
	EndGlobalSection
	GlobalSection(ExtensibilityGlobals) = postSolution
		SolutionGuid = {21400CA9-FF00-4403-B54C-B71B03A75C11}
	EndGlobalSection
EndGlobal
