
Microsoft Visual Studio Solution File, Format Version 12.00
# Visual Studio Version 17
VisualStudioVersion = 17.2.32630.192
MinimumVisualStudioVersion = 10.0.40219.1
Project("{FAE04EC0-301F-11D3-BF4B-00C04F79EFBC}") = "โปรแกรมคำนวนส่วนลด If", "โปรแกรมคำนวนส่วนลด If\โปรแกรมคำนวนส่วนลด If.csproj", "{95C90E73-BC02-4686-BED8-06B842752BFF}"
EndProject
Global
	GlobalSection(SolutionConfigurationPlatforms) = preSolution
		Debug|Any CPU = Debug|Any CPU
		Release|Any CPU = Release|Any CPU
	EndGlobalSection
	GlobalSection(ProjectConfigurationPlatforms) = postSolution
		{95C90E73-BC02-4686-BED8-06B842752BFF}.Debug|Any CPU.ActiveCfg = Debug|Any CPU
		{95C90E73-BC02-4686-BED8-06B842752BFF}.Debug|Any CPU.Build.0 = Debug|Any CPU
		{95C90E73-BC02-4686-BED8-06B842752BFF}.Release|Any CPU.ActiveCfg = Release|Any CPU
		{95C90E73-BC02-4686-BED8-06B842752BFF}.Release|Any CPU.Build.0 = Release|Any CPU
	EndGlobalSection
	GlobalSection(SolutionProperties) = preSolution
		HideSolutionNode = FALSE
	EndGlobalSection
	GlobalSection(ExtensibilityGlobals) = postSolution
		SolutionGuid = {F143D2FF-9619-4CA4-8780-A64CFC513CDE}
	EndGlobalSection
EndGlobal
