
Microsoft Visual Studio Solution File, Format Version 12.00
# Visual Studio Version 17
VisualStudioVersion = 17.2.32630.192
MinimumVisualStudioVersion = 10.0.40219.1
Project("{FAE04EC0-301F-11D3-BF4B-00C04F79EFBC}") = "โปรแกรมตัดเกรด", "โปรแกรมตัดเกรด\โปรแกรมตัดเกรด.csproj", "{AC62C563-5C24-468D-9C3B-72E576F87CBF}"
EndProject
Global
	GlobalSection(SolutionConfigurationPlatforms) = preSolution
		Debug|Any CPU = Debug|Any CPU
		Release|Any CPU = Release|Any CPU
	EndGlobalSection
	GlobalSection(ProjectConfigurationPlatforms) = postSolution
		{AC62C563-5C24-468D-9C3B-72E576F87CBF}.Debug|Any CPU.ActiveCfg = Debug|Any CPU
		{AC62C563-5C24-468D-9C3B-72E576F87CBF}.Debug|Any CPU.Build.0 = Debug|Any CPU
		{AC62C563-5C24-468D-9C3B-72E576F87CBF}.Release|Any CPU.ActiveCfg = Release|Any CPU
		{AC62C563-5C24-468D-9C3B-72E576F87CBF}.Release|Any CPU.Build.0 = Release|Any CPU
	EndGlobalSection
	GlobalSection(SolutionProperties) = preSolution
		HideSolutionNode = FALSE
	EndGlobalSection
	GlobalSection(ExtensibilityGlobals) = postSolution
		SolutionGuid = {AF277A09-106F-45A1-A016-08FE276B4BB9}
	EndGlobalSection
EndGlobal
